// !$*UTF8*$!
{
	archiveVersion = 1;
	classes = {
	};
	objectVersion = 56;
	objects = {

/* Begin PBXBuildFile section */
		0C494B082BA6CFB30001DB75 /* AppDelegate.swift in Sources */ = {isa = PBXBuildFile; fileRef = 0C494B072BA6CFB30001DB75 /* AppDelegate.swift */; };
		0C494B0A2BA6CFB30001DB75 /* SceneDelegate.swift in Sources */ = {isa = PBXBuildFile; fileRef = 0C494B092BA6CFB30001DB75 /* SceneDelegate.swift */; };
		0C494B0C2BA6CFB30001DB75 /* MainViewController.swift in Sources */ = {isa = PBXBuildFile; fileRef = 0C494B0B2BA6CFB30001DB75 /* MainViewController.swift */; };
		0C494B0F2BA6CFB30001DB75 /* Base in Resources */ = {isa = PBXBuildFile; fileRef = 0C494B0E2BA6CFB30001DB75 /* Base */; };
		0C494B112BA6CFB50001DB75 /* Assets.xcassets in Resources */ = {isa = PBXBuildFile; fileRef = 0C494B102BA6CFB50001DB75 /* Assets.xcassets */; };
		0C494B142BA6CFB50001DB75 /* Base in Resources */ = {isa = PBXBuildFile; fileRef = 0C494B132BA6CFB50001DB75 /* Base */; };
		0CF7F65B2BA6E06100AAE387 /* UserActionCell.swift in Sources */ = {isa = PBXBuildFile; fileRef = 0CF7F65A2BA6E06100AAE387 /* UserActionCell.swift */; };
		0CF7F65D2BA6E16100AAE387 /* DetailsViewController.swift in Sources */ = {isa = PBXBuildFile; fileRef = 0CF7F65C2BA6E16100AAE387 /* DetailsViewController.swift */; };
		0CF7F6612BA6FBE500AAE387 /* Beers.swift in Sources */ = {isa = PBXBuildFile; fileRef = 0CF7F6602BA6FBE500AAE387 /* Beers.swift */; };
/* End PBXBuildFile section */

/* Begin PBXFileReference section */
		0C494B042BA6CFB30001DB75 /* BeersApp.app */ = {isa = PBXFileReference; explicitFileType = wrapper.application; includeInIndex = 0; path = BeersApp.app; sourceTree = BUILT_PRODUCTS_DIR; };
		0C494B072BA6CFB30001DB75 /* AppDelegate.swift */ = {isa = PBXFileReference; lastKnownFileType = sourcecode.swift; path = AppDelegate.swift; sourceTree = "<group>"; };
		0C494B092BA6CFB30001DB75 /* SceneDelegate.swift */ = {isa = PBXFileReference; lastKnownFileType = sourcecode.swift; path = SceneDelegate.swift; sourceTree = "<group>"; };
		0C494B0B2BA6CFB30001DB75 /* MainViewController.swift */ = {isa = PBXFileReference; lastKnownFileType = sourcecode.swift; path = MainViewController.swift; sourceTree = "<group>"; };
		0C494B0E2BA6CFB30001DB75 /* Base */ = {isa = PBXFileReference; lastKnownFileType = file.storyboard; name = Base; path = Base.lproj/Main.storyboard; sourceTree = "<group>"; };
		0C494B102BA6CFB50001DB75 /* Assets.xcassets */ = {isa = PBXFileReference; lastKnownFileType = folder.assetcatalog; path = Assets.xcassets; sourceTree = "<group>"; };
		0C494B132BA6CFB50001DB75 /* Base */ = {isa = PBXFileReference; lastKnownFileType = file.storyboard; name = Base; path = Base.lproj/LaunchScreen.storyboard; sourceTree = "<group>"; };
		0C494B152BA6CFB50001DB75 /* Info.plist */ = {isa = PBXFileReference; lastKnownFileType = text.plist.xml; path = Info.plist; sourceTree = "<group>"; };
		0CF7F65A2BA6E06100AAE387 /* UserActionCell.swift */ = {isa = PBXFileReference; lastKnownFileType = sourcecode.swift; path = UserActionCell.swift; sourceTree = "<group>"; };
		0CF7F65C2BA6E16100AAE387 /* DetailsViewController.swift */ = {isa = PBXFileReference; lastKnownFileType = sourcecode.swift; path = DetailsViewController.swift; sourceTree = "<group>"; };
		0CF7F6602BA6FBE500AAE387 /* Beers.swift */ = {isa = PBXFileReference; lastKnownFileType = sourcecode.swift; path = Beers.swift; sourceTree = "<group>"; };
/* End PBXFileReference section */

/* Begin PBXFrameworksBuildPhase section */
		0C494B012BA6CFB30001DB75 /* Frameworks */ = {
			isa = PBXFrameworksBuildPhase;
			buildActionMask = 2147483647;
			files = (
			);
			runOnlyForDeploymentPostprocessing = 0;
		};
/* End PBXFrameworksBuildPhase section */

/* Begin PBXGroup section */
		0C494AFB2BA6CFB30001DB75 = {
			isa = PBXGroup;
			children = (
				0C494B062BA6CFB30001DB75 /* BeersApp */,
				0C494B052BA6CFB30001DB75 /* Products */,
			);
			sourceTree = "<group>";
		};
		0C494B052BA6CFB30001DB75 /* Products */ = {
			isa = PBXGroup;
			children = (
				0C494B042BA6CFB30001DB75 /* BeersApp.app */,
			);
			name = Products;
			sourceTree = "<group>";
		};
		0C494B062BA6CFB30001DB75 /* BeersApp */ = {
			isa = PBXGroup;
			children = (
				0C494B1B2BA6D1820001DB75 /* ViewControllers */,
				0CF7F65E2BA6F35B00AAE387 /* View */,
				0CF7F65F2BA6FBD000AAE387 /* Models */,
				0C494B1C2BA6D1B20001DB75 /* Storyboards */,
				0C494B1D2BA6D1D00001DB75 /* App */,
				0C494B102BA6CFB50001DB75 /* Assets.xcassets */,
			);
			path = BeersApp;
			sourceTree = "<group>";
		};
		0C494B1B2BA6D1820001DB75 /* ViewControllers */ = {
			isa = PBXGroup;
			children = (
				0C494B0B2BA6CFB30001DB75 /* MainViewController.swift */,
				0CF7F65C2BA6E16100AAE387 /* DetailsViewController.swift */,
			);
			path = ViewControllers;
			sourceTree = "<group>";
		};
		0C494B1C2BA6D1B20001DB75 /* Storyboards */ = {
			isa = PBXGroup;
			children = (
				0C494B0D2BA6CFB30001DB75 /* Main.storyboard */,
				0C494B122BA6CFB50001DB75 /* LaunchScreen.storyboard */,
			);
			path = Storyboards;
			sourceTree = "<group>";
		};
		0C494B1D2BA6D1D00001DB75 /* App */ = {
			isa = PBXGroup;
			children = (
				0C494B072BA6CFB30001DB75 /* AppDelegate.swift */,
				0C494B092BA6CFB30001DB75 /* SceneDelegate.swift */,
				0C494B152BA6CFB50001DB75 /* Info.plist */,
			);
			path = App;
			sourceTree = "<group>";
		};
		0CF7F65E2BA6F35B00AAE387 /* View */ = {
			isa = PBXGroup;
			children = (
				0CF7F65A2BA6E06100AAE387 /* UserActionCell.swift */,
			);
			path = View;
			sourceTree = "<group>";
		};
		0CF7F65F2BA6FBD000AAE387 /* Models */ = {
			isa = PBXGroup;
			children = (
				0CF7F6602BA6FBE500AAE387 /* Beers.swift */,
			);
			path = Models;
			sourceTree = "<group>";
		};
/* End PBXGroup section */

/* Begin PBXNativeTarget section */
		0C494B032BA6CFB30001DB75 /* BeersApp */ = {
			isa = PBXNativeTarget;
			buildConfigurationList = 0C494B182BA6CFB50001DB75 /* Build configuration list for PBXNativeTarget "BeersApp" */;
			buildPhases = (
				0C494B002BA6CFB30001DB75 /* Sources */,
				0C494B012BA6CFB30001DB75 /* Frameworks */,
				0C494B022BA6CFB30001DB75 /* Resources */,
			);
			buildRules = (
			);
			dependencies = (
			);
			name = BeersApp;
			productName = BeersApp;
			productReference = 0C494B042BA6CFB30001DB75 /* BeersApp.app */;
			productType = "com.apple.product-type.application";
		};
/* End PBXNativeTarget section */

/* Begin PBXProject section */
		0C494AFC2BA6CFB30001DB75 /* Project object */ = {
			isa = PBXProject;
			attributes = {
				BuildIndependentTargetsInParallel = 1;
				LastSwiftUpdateCheck = 1530;
				LastUpgradeCheck = 1530;
				TargetAttributes = {
					0C494B032BA6CFB30001DB75 = {
						CreatedOnToolsVersion = 15.3;
					};
				};
			};
			buildConfigurationList = 0C494AFF2BA6CFB30001DB75 /* Build configuration list for PBXProject "BeersApp" */;
			compatibilityVersion = "Xcode 14.0";
			developmentRegion = en;
			hasScannedForEncodings = 0;
			knownRegions = (
				en,
				Base,
			);
			mainGroup = 0C494AFB2BA6CFB30001DB75;
			productRefGroup = 0C494B052BA6CFB30001DB75 /* Products */;
			projectDirPath = "";
			projectRoot = "";
			targets = (
				0C494B032BA6CFB30001DB75 /* BeersApp */,
			);
		};
/* End PBXProject section */

/* Begin PBXResourcesBuildPhase section */
		0C494B022BA6CFB30001DB75 /* Resources */ = {
			isa = PBXResourcesBuildPhase;
			buildActionMask = 2147483647;
			files = (
				0C494B112BA6CFB50001DB75 /* Assets.xcassets in Resources */,
				0C494B142BA6CFB50001DB75 /* Base in Resources */,
				0C494B0F2BA6CFB30001DB75 /* Base in Resources */,
			);
			runOnlyForDeploymentPostprocessing = 0;
		};
/* End PBXResourcesBuildPhase section */

/* Begin PBXSourcesBuildPhase section */
		0C494B002BA6CFB30001DB75 /* Sources */ = {
			isa = PBXSourcesBuildPhase;
			buildActionMask = 2147483647;
			files = (
				0CF7F65B2BA6E06100AAE387 /* UserActionCell.swift in Sources */,
				0CF7F6612BA6FBE500AAE387 /* Beers.swift in Sources */,
				0C494B0C2BA6CFB30001DB75 /* MainViewController.swift in Sources */,
				0C494B082BA6CFB30001DB75 /* AppDelegate.swift in Sources */,
				0C494B0A2BA6CFB30001DB75 /* SceneDelegate.swift in Sources */,
				0CF7F65D2BA6E16100AAE387 /* DetailsViewController.swift in Sources */,
			);
			runOnlyForDeploymentPostprocessing = 0;
		};
/* End PBXSourcesBuildPhase section */

/* Begin PBXVariantGroup section */
		0C494B0D2BA6CFB30001DB75 /* Main.storyboard */ = {
			isa = PBXVariantGroup;
			children = (
				0C494B0E2BA6CFB30001DB75 /* Base */,
			);
			name = Main.storyboard;
			sourceTree = "<group>";
		};
		0C494B122BA6CFB50001DB75 /* LaunchScreen.storyboard */ = {
			isa = PBXVariantGroup;
			children = (
				0C494B132BA6CFB50001DB75 /* Base */,
			);
			name = LaunchScreen.storyboard;
			sourceTree = "<group>";
		};
/* End PBXVariantGroup section */

/* Begin XCBuildConfiguration section */
		0C494B162BA6CFB50001DB75 /* Debug */ = {
			isa = XCBuildConfiguration;
			buildSettings = {
				ALWAYS_SEARCH_USER_PATHS = NO;
				ASSETCATALOG_COMPILER_GENERATE_SWIFT_ASSET_SYMBOL_EXTENSIONS = YES;
				CLANG_ANALYZER_NONNULL = YES;
				CLANG_ANALYZER_NUMBER_OBJECT_CONVERSION = YES_AGGRESSIVE;
				CLANG_CXX_LANGUAGE_STANDARD = "gnu++20";
				CLANG_ENABLE_MODULES = YES;
				CLANG_ENABLE_OBJC_ARC = YES;
				CLANG_ENABLE_OBJC_WEAK = YES;
				CLANG_WARN_BLOCK_CAPTURE_AUTORELEASING = YES;
				CLANG_WARN_BOOL_CONVERSION = YES;
				CLANG_WARN_COMMA = YES;
				CLANG_WARN_CONSTANT_CONVERSION = YES;
				CLANG_WARN_DEPRECATED_OBJC_IMPLEMENTATIONS = YES;
				CLANG_WARN_DIRECT_OBJC_ISA_USAGE = YES_ERROR;
				CLANG_WARN_DOCUMENTATION_COMMENTS = YES;
				CLANG_WARN_EMPTY_BODY = YES;
				CLANG_WARN_ENUM_CONVERSION = YES;
				CLANG_WARN_INFINITE_RECURSION = YES;
				CLANG_WARN_INT_CONVERSION = YES;
				CLANG_WARN_NON_LITERAL_NULL_CONVERSION = YES;
				CLANG_WARN_OBJC_IMPLICIT_RETAIN_SELF = YES;
				CLANG_WARN_OBJC_LITERAL_CONVERSION = YES;
				CLANG_WARN_OBJC_ROOT_CLASS = YES_ERROR;
				CLANG_WARN_QUOTED_INCLUDE_IN_FRAMEWORK_HEADER = YES;
				CLANG_WARN_RANGE_LOOP_ANALYSIS = YES;
				CLANG_WARN_STRICT_PROTOTYPES = YES;
				CLANG_WARN_SUSPICIOUS_MOVE = YES;
				CLANG_WARN_UNGUARDED_AVAILABILITY = YES_AGGRESSIVE;
				CLANG_WARN_UNREACHABLE_CODE = YES;
				CLANG_WARN__DUPLICATE_METHOD_MATCH = YES;
				COPY_PHASE_STRIP = NO;
				DEBUG_INFORMATION_FORMAT = dwarf;
				ENABLE_STRICT_OBJC_MSGSEND = YES;
				ENABLE_TESTABILITY = YES;
				ENABLE_USER_SCRIPT_SANDBOXING = YES;
				GCC_C_LANGUAGE_STANDARD = gnu17;
				GCC_DYNAMIC_NO_PIC = NO;
				GCC_NO_COMMON_BLOCKS = YES;
				GCC_OPTIMIZATION_LEVEL = 0;
				GCC_PREPROCESSOR_DEFINITIONS = (
					"DEBUG=1",
					"$(inherited)",
				);
				GCC_WARN_64_TO_32_BIT_CONVERSION = YES;
				GCC_WARN_ABOUT_RETURN_TYPE = YES_ERROR;
				GCC_WARN_UNDECLARED_SELECTOR = YES;
				GCC_WARN_UNINITIALIZED_AUTOS = YES_AGGRESSIVE;
				GCC_WARN_UNUSED_FUNCTION = YES;
				GCC_WARN_UNUSED_VARIABLE = YES;
				IPHONEOS_DEPLOYMENT_TARGET = 17.4;
				LOCALIZATION_PREFERS_STRING_CATALOGS = YES;
				MTL_ENABLE_DEBUG_INFO = INCLUDE_SOURCE;
				MTL_FAST_MATH = YES;
				ONLY_ACTIVE_ARCH = YES;
				SDKROOT = iphoneos;
				SWIFT_ACTIVE_COMPILATION_CONDITIONS = "DEBUG $(inherited)";
				SWIFT_OPTIMIZATION_LEVEL = "-Onone";
			};
			name = Debug;
		};
		0C494B172BA6CFB50001DB75 /* Release */ = {
			isa = XCBuildConfiguration;
			buildSettings = {
				ALWAYS_SEARCH_USER_PATHS = NO;
				ASSETCATALOG_COMPILER_GENERATE_SWIFT_ASSET_SYMBOL_EXTENSIONS = YES;
				CLANG_ANALYZER_NONNULL = YES;
				CLANG_ANALYZER_NUMBER_OBJECT_CONVERSION = YES_AGGRESSIVE;
				CLANG_CXX_LANGUAGE_STANDARD = "gnu++20";
				CLANG_ENABLE_MODULES = YES;
				CLANG_ENABLE_OBJC_ARC = YES;
				CLANG_ENABLE_OBJC_WEAK = YES;
				CLANG_WARN_BLOCK_CAPTURE_AUTORELEASING = YES;
				CLANG_WARN_BOOL_CONVERSION = YES;
				CLANG_WARN_COMMA = YES;
				CLANG_WARN_CONSTANT_CONVERSION = YES;
				CLANG_WARN_DEPRECATED_OBJC_IMPLEMENTATIONS = YES;
				CLANG_WARN_DIRECT_OBJC_ISA_USAGE = YES_ERROR;
				CLANG_WARN_DOCUMENTATION_COMMENTS = YES;
				CLANG_WARN_EMPTY_BODY = YES;
				CLANG_WARN_ENUM_CONVERSION = YES;
				CLANG_WARN_INFINITE_RECURSION = YES;
				CLANG_WARN_INT_CONVERSION = YES;
				CLANG_WARN_NON_LITERAL_NULL_CONVERSION = YES;
				CLANG_WARN_OBJC_IMPLICIT_RETAIN_SELF = YES;
				CLANG_WARN_OBJC_LITERAL_CONVERSION = YES;
				CLANG_WARN_OBJC_ROOT_CLASS = YES_ERROR;
				CLANG_WARN_QUOTED_INCLUDE_IN_FRAMEWORK_HEADER = YES;
				CLANG_WARN_RANGE_LOOP_ANALYSIS = YES;
				CLANG_WARN_STRICT_PROTOTYPES = YES;
				CLANG_WARN_SUSPICIOUS_MOVE = YES;
				CLANG_WARN_UNGUARDED_AVAILABILITY = YES_AGGRESSIVE;
				CLANG_WARN_UNREACHABLE_CODE = YES;
				CLANG_WARN__DUPLICATE_METHOD_MATCH = YES;
				COPY_PHASE_STRIP = NO;
				DEBUG_INFORMATION_FORMAT = "dwarf-with-dsym";
				ENABLE_NS_ASSERTIONS = NO;
				ENABLE_STRICT_OBJC_MSGSEND = YES;
				ENABLE_USER_SCRIPT_SANDBOXING = YES;
				GCC_C_LANGUAGE_STANDARD = gnu17;
				GCC_NO_COMMON_BLOCKS = YES;
				GCC_WARN_64_TO_32_BIT_CONVERSION = YES;
				GCC_WARN_ABOUT_RETURN_TYPE = YES_ERROR;
				GCC_WARN_UNDECLARED_SELECTOR = YES;
				GCC_WARN_UNINITIALIZED_AUTOS = YES_AGGRESSIVE;
				GCC_WARN_UNUSED_FUNCTION = YES;
				GCC_WARN_UNUSED_VARIABLE = YES;
				IPHONEOS_DEPLOYMENT_TARGET = 17.4;
				LOCALIZATION_PREFERS_STRING_CATALOGS = YES;
				MTL_ENABLE_DEBUG_INFO = NO;
				MTL_FAST_MATH = YES;
				SDKROOT = iphoneos;
				SWIFT_COMPILATION_MODE = wholemodule;
				VALIDATE_PRODUCT = YES;
			};
			name = Release;
		};
		0C494B192BA6CFB50001DB75 /* Debug */ = {
			isa = XCBuildConfiguration;
			buildSettings = {
				ASSETCATALOG_COMPILER_APPICON_NAME = AppIcon;
				ASSETCATALOG_COMPILER_GLOBAL_ACCENT_COLOR_NAME = AccentColor;
				CODE_SIGN_STYLE = Automatic;
				CURRENT_PROJECT_VERSION = 1;
				DEVELOPMENT_TEAM = 892G7XT22J;
				GENERATE_INFOPLIST_FILE = YES;
				INFOPLIST_FILE = BeersApp/App/Info.plist;
				INFOPLIST_KEY_UIApplicationSupportsIndirectInputEvents = YES;
				INFOPLIST_KEY_UILaunchStoryboardName = LaunchScreen;
				INFOPLIST_KEY_UIMainStoryboardFile = Main;
				INFOPLIST_KEY_UISupportedInterfaceOrientations = UIInterfaceOrientationPortrait;
				INFOPLIST_KEY_UISupportedInterfaceOrientations_iPad = "UIInterfaceOrientationLandscapeLeft UIInterfaceOrientationLandscapeRight UIInterfaceOrientationPortrait UIInterfaceOrientationPortraitUpsideDown";
				LD_RUNPATH_SEARCH_PATHS = (
					"$(inherited)",
					"@executable_path/Frameworks",
				);
				MARKETING_VERSION = 1.0;
				PRODUCT_BUNDLE_IDENTIFIER = "Aleksey-Konchyts.BeersApp";
				PRODUCT_NAME = "$(TARGET_NAME)";
				SUPPORTED_PLATFORMS = "iphoneos iphonesimulator";
				SUPPORTS_MACCATALYST = NO;
				SUPPORTS_MAC_DESIGNED_FOR_IPHONE_IPAD = NO;
				SUPPORTS_XR_DESIGNED_FOR_IPHONE_IPAD = NO;
				SWIFT_EMIT_LOC_STRINGS = YES;
				SWIFT_VERSION = 5.0;
				TARGETED_DEVICE_FAMILY = 1;
			};
			name = Debug;
		};
		0C494B1A2BA6CFB50001DB75 /* Release */ = {
			isa = XCBuildConfiguration;
			buildSettings = {
				ASSETCATALOG_COMPILER_APPICON_NAME = AppIcon;
				ASSETCATALOG_COMPILER_GLOBAL_ACCENT_COLOR_NAME = AccentColor;
				CODE_SIGN_STYLE = Automatic;
				CURRENT_PROJECT_VERSION = 1;
				DEVELOPMENT_TEAM = 892G7XT22J;
				GENERATE_INFOPLIST_FILE = YES;
				INFOPLIST_FILE = BeersApp/App/Info.plist;
				INFOPLIST_KEY_UIApplicationSupportsIndirectInputEvents = YES;
				INFOPLIST_KEY_UILaunchStoryboardName = LaunchScreen;
				INFOPLIST_KEY_UIMainStoryboardFile = Main;
				INFOPLIST_KEY_UISupportedInterfaceOrientations = UIInterfaceOrientationPortrait;
				INFOPLIST_KEY_UISupportedInterfaceOrientations_iPad = "UIInterfaceOrientationLandscapeLeft UIInterfaceOrientationLandscapeRight UIInterfaceOrientationPortrait UIInterfaceOrientationPortraitUpsideDown";
				LD_RUNPATH_SEARCH_PATHS = (
					"$(inherited)",
					"@executable_path/Frameworks",
				);
				MARKETING_VERSION = 1.0;
				PRODUCT_BUNDLE_IDENTIFIER = "Aleksey-Konchyts.BeersApp";
				PRODUCT_NAME = "$(TARGET_NAME)";
				SUPPORTED_PLATFORMS = "iphoneos iphonesimulator";
				SUPPORTS_MACCATALYST = NO;
				SUPPORTS_MAC_DESIGNED_FOR_IPHONE_IPAD = NO;
				SUPPORTS_XR_DESIGNED_FOR_IPHONE_IPAD = NO;
				SWIFT_EMIT_LOC_STRINGS = YES;
				SWIFT_VERSION = 5.0;
				TARGETED_DEVICE_FAMILY = 1;
			};
			name = Release;
		};
/* End XCBuildConfiguration section */

/* Begin XCConfigurationList section */
		0C494AFF2BA6CFB30001DB75 /* Build configuration list for PBXProject "BeersApp" */ = {
			isa = XCConfigurationList;
			buildConfigurations = (
				0C494B162BA6CFB50001DB75 /* Debug */,
				0C494B172BA6CFB50001DB75 /* Release */,
			);
			defaultConfigurationIsVisible = 0;
			defaultConfigurationName = Release;
		};
		0C494B182BA6CFB50001DB75 /* Build configuration list for PBXNativeTarget "BeersApp" */ = {
			isa = XCConfigurationList;
			buildConfigurations = (
				0C494B192BA6CFB50001DB75 /* Debug */,
				0C494B1A2BA6CFB50001DB75 /* Release */,
			);
			defaultConfigurationIsVisible = 0;
			defaultConfigurationName = Release;
		};
/* End XCConfigurationList section */
	};
	rootObject = 0C494AFC2BA6CFB30001DB75 /* Project object */;
}
